// !$*UTF8*$!
{
	archiveVersion = 1;
	classes = {
	};
	objectVersion = 56;
	objects = {

/* Begin PBXBuildFile section */
		BF1DE7D32A70FE3900B7E352 /* Localizable.strings in Resources */ = {isa = PBXBuildFile; fileRef = BF1DE7D52A70FE3900B7E352 /* Localizable.strings */; };
		BF1DE7D82A70FF5700B7E352 /* default.layout in Resources */ = {isa = PBXBuildFile; fileRef = BF1DE7D72A70FF5700B7E352 /* default.layout */; };
		BF1DE7DA2A71009700B7E352 /* pyramid.layout in Resources */ = {isa = PBXBuildFile; fileRef = BF1DE7D92A71009700B7E352 /* pyramid.layout */; };
		BF1DE7DC2A71397000B7E352 /* YouLoseNode.swift in Sources */ = {isa = PBXBuildFile; fileRef = BF1DE7DB2A71397000B7E352 /* YouLoseNode.swift */; };
		BF1DE7DF2A714B7400B7E352 /* GameInfoNode.swift in Sources */ = {isa = PBXBuildFile; fileRef = BF1DE7DE2A714B7400B7E352 /* GameInfoNode.swift */; };
		BF1DE7E12A714C2400B7E352 /* ProgressNode.swift in Sources */ = {isa = PBXBuildFile; fileRef = BF1DE7E02A714C2400B7E352 /* ProgressNode.swift */; };
		BF1DE8072A739E0400B7E352 /* YouWinNode.swift in Sources */ = {isa = PBXBuildFile; fileRef = BF1DE8062A739E0400B7E352 /* YouWinNode.swift */; };
		BF1DE80F2A778D4E00B7E352 /* test4x4.layout in Resources */ = {isa = PBXBuildFile; fileRef = BF1DE80E2A778D4E00B7E352 /* test4x4.layout */; };
		BF1DE8132A77916B00B7E352 /* OK.png in Resources */ = {isa = PBXBuildFile; fileRef = BF1DE8122A77916B00B7E352 /* OK.png */; };
		BF1DE8402A78C2D400B7E352 /* Lose2.png in Resources */ = {isa = PBXBuildFile; fileRef = BF1DE83F2A78C2D400B7E352 /* Lose2.png */; };
		BF1DE8422A78C4C300B7E352 /* YouWin2.png in Resources */ = {isa = PBXBuildFile; fileRef = BF1DE8412A78C4C300B7E352 /* YouWin2.png */; };
		BF1DE84E2A7B921800B7E352 /* InfoBtn.png in Resources */ = {isa = PBXBuildFile; fileRef = BF1DE84D2A7B921800B7E352 /* InfoBtn.png */; };
		BF1DE8502A7B921D00B7E352 /* InfoValue.png in Resources */ = {isa = PBXBuildFile; fileRef = BF1DE84F2A7B921D00B7E352 /* InfoValue.png */; };
		BF1DE8522A7B92EF00B7E352 /* InfoValueNode.swift in Sources */ = {isa = PBXBuildFile; fileRef = BF1DE8512A7B92EF00B7E352 /* InfoValueNode.swift */; };
		BF1DE8542A7B9E0000B7E352 /* DoubleItem.png in Resources */ = {isa = PBXBuildFile; fileRef = BF1DE8532A7B9E0000B7E352 /* DoubleItem.png */; };
		BF1DE8562A7B9E0500B7E352 /* CountItem.png in Resources */ = {isa = PBXBuildFile; fileRef = BF1DE8552A7B9E0500B7E352 /* CountItem.png */; };
		BF1DE8582A7B9F8E00B7E352 /* CountItem2.png in Resources */ = {isa = PBXBuildFile; fileRef = BF1DE8572A7B9F8D00B7E352 /* CountItem2.png */; };
		BF1DE85A2A7BA1D400B7E352 /* InfoButtonNode.swift in Sources */ = {isa = PBXBuildFile; fileRef = BF1DE8592A7BA1D400B7E352 /* InfoButtonNode.swift */; };
		BF1DE85C2A7BAB7900B7E352 /* ProgressBG.png in Resources */ = {isa = PBXBuildFile; fileRef = BF1DE85B2A7BAB7900B7E352 /* ProgressBG.png */; };
		BF52129D2A6E4E4A00F72B5A /* MaterialUtils.swift in Sources */ = {isa = PBXBuildFile; fileRef = BF52129C2A6E4E4A00F72B5A /* MaterialUtils.swift */; };
		BF52129F2A6E6B1600F72B5A /* items.png in Resources */ = {isa = PBXBuildFile; fileRef = BF52129E2A6E6B1600F72B5A /* items.png */; };
		BF5212A82A6F92A400F72B5A /* AboutView.swift in Sources */ = {isa = PBXBuildFile; fileRef = BF5212A62A6F92A400F72B5A /* AboutView.swift */; };
		BF5212A92A6F92A400F72B5A /* HelpView.swift in Sources */ = {isa = PBXBuildFile; fileRef = BF5212A72A6F92A400F72B5A /* HelpView.swift */; };
		BF5212AD2A6FB28E00F72B5A /* check_icon.png in Resources */ = {isa = PBXBuildFile; fileRef = BF5212AC2A6FB28E00F72B5A /* check_icon.png */; };
		BF5212AF2A6FB30300F72B5A /* check_icon16.png in Resources */ = {isa = PBXBuildFile; fileRef = BF5212AE2A6FB30300F72B5A /* check_icon16.png */; };
		BF5212B12A6FB40200F72B5A /* LevelItem.swift in Sources */ = {isa = PBXBuildFile; fileRef = BF5212B02A6FB40200F72B5A /* LevelItem.swift */; };
		BF5212C12A6FD07A00F72B5A /* Storage.swift in Sources */ = {isa = PBXBuildFile; fileRef = BF5212C02A6FD07A00F72B5A /* Storage.swift */; };
		BF5212C52A6FF47F00F72B5A /* rocket.layout in Resources */ = {isa = PBXBuildFile; fileRef = BF5212C42A6FF47F00F72B5A /* rocket.layout */; };
		BF5212C72A6FF56C00F72B5A /* LayoutLevels.swift in Sources */ = {isa = PBXBuildFile; fileRef = BF5212C62A6FF56C00F72B5A /* LayoutLevels.swift */; };
		BFCE109E2A690B50004043FF /* ItemNone.swift in Sources */ = {isa = PBXBuildFile; fileRef = BFCE109D2A690B50004043FF /* ItemNone.swift */; };
		BFCE10A62A6916C6004043FF /* TexturesCom_Metal_SteelRough2_1K_ao.tif in Resources */ = {isa = PBXBuildFile; fileRef = BFCE10A12A6916C6004043FF /* TexturesCom_Metal_SteelRough2_1K_ao.tif */; };
		BFCE10A72A6916C6004043FF /* TexturesCom_Metal_SteelRough2_1K_metallic.tif in Resources */ = {isa = PBXBuildFile; fileRef = BFCE10A22A6916C6004043FF /* TexturesCom_Metal_SteelRough2_1K_metallic.tif */; };
		BFCE10A82A6916C6004043FF /* TexturesCom_Metal_SteelRough2_1K_albedo.tif in Resources */ = {isa = PBXBuildFile; fileRef = BFCE10A32A6916C6004043FF /* TexturesCom_Metal_SteelRough2_1K_albedo.tif */; };
		BFCE10A92A6916C6004043FF /* TexturesCom_Metal_SteelRough2_1K_roughness.tif in Resources */ = {isa = PBXBuildFile; fileRef = BFCE10A42A6916C6004043FF /* TexturesCom_Metal_SteelRough2_1K_roughness.tif */; };
		BFCE10AA2A6916C6004043FF /* TexturesCom_Metal_SteelRough2_1K_normal.tif in Resources */ = {isa = PBXBuildFile; fileRef = BFCE10A52A6916C6004043FF /* TexturesCom_Metal_SteelRough2_1K_normal.tif */; };
		BFCE10D32A691841004043FF /* Front.png in Resources */ = {isa = PBXBuildFile; fileRef = BFCE10AD2A691841004043FF /* Front.png */; };
		BFCE10F92A692990004043FF /* TexturesCom_Marble_SlabWhite2_New_512_albedo.tif in Resources */ = {isa = PBXBuildFile; fileRef = BFCE10F82A692990004043FF /* TexturesCom_Marble_SlabWhite2_New_512_albedo.tif */; };
		BFCE10FB2A694CB4004043FF /* Pos.swift in Sources */ = {isa = PBXBuildFile; fileRef = BFCE10FA2A694CB4004043FF /* Pos.swift */; };
		BFCE10FF2A695980004043FF /* ItemType.swift in Sources */ = {isa = PBXBuildFile; fileRef = BFCE10FE2A695980004043FF /* ItemType.swift */; };
		BFCE11022A695D59004043FF /* env_star.png in Resources */ = {isa = PBXBuildFile; fileRef = BFCE11012A695D59004043FF /* env_star.png */; };
		BFD8A9D72A69063800F679CA /* AppDelegate.swift in Sources */ = {isa = PBXBuildFile; fileRef = BFD8A9D62A69063800F679CA /* AppDelegate.swift */; };
		BFD8A9D92A69063A00F679CA /* Assets.xcassets in Resources */ = {isa = PBXBuildFile; fileRef = BFD8A9D82A69063A00F679CA /* Assets.xcassets */; };
		BFD8A9DC2A69063A00F679CA /* MainMenu.xib in Resources */ = {isa = PBXBuildFile; fileRef = BFD8A9DA2A69063A00F679CA /* MainMenu.xib */; };
		BFD8A9E52A6906E700F679CA /* RootView.swift in Sources */ = {isa = PBXBuildFile; fileRef = BFD8A9E42A6906E700F679CA /* RootView.swift */; };
		BFD8A9E82A69071D00F679CA /* ScenesView.swift in Sources */ = {isa = PBXBuildFile; fileRef = BFD8A9E72A69071D00F679CA /* ScenesView.swift */; };
		BFD8A9EB2A69087600F679CA /* SKScene.scnassets in Resources */ = {isa = PBXBuildFile; fileRef = BFD8A9EA2A69087600F679CA /* SKScene.scnassets */; };
		FD018BFE2A70170F00552F80 /* grid.layout in Resources */ = {isa = PBXBuildFile; fileRef = FD018BFD2A70170F00552F80 /* grid.layout */; };
		FD018C002A70193F00552F80 /* glade.layout in Resources */ = {isa = PBXBuildFile; fileRef = FD018BFF2A70193F00552F80 /* glade.layout */; };
		FD018C022A70194400552F80 /* girl.layout in Resources */ = {isa = PBXBuildFile; fileRef = FD018C012A70194300552F80 /* girl.layout */; };
		FD018C0A2A701AB000552F80 /* enterprise.layout in Resources */ = {isa = PBXBuildFile; fileRef = FD018C032A701AB000552F80 /* enterprise.layout */; };
		FD018C0B2A701AB000552F80 /* galaxy.layout in Resources */ = {isa = PBXBuildFile; fileRef = FD018C042A701AB000552F80 /* galaxy.layout */; };
		FD018C0C2A701AB000552F80 /* garden.layout in Resources */ = {isa = PBXBuildFile; fileRef = FD018C052A701AB000552F80 /* garden.layout */; };
		FD018C0D2A701AB000552F80 /* eagle.layout in Resources */ = {isa = PBXBuildFile; fileRef = FD018C062A701AB000552F80 /* eagle.layout */; };
		FD018C0E2A701AB000552F80 /* explosion.layout in Resources */ = {isa = PBXBuildFile; fileRef = FD018C072A701AB000552F80 /* explosion.layout */; };
		FD018C0F2A701AB000552F80 /* flowers.layout in Resources */ = {isa = PBXBuildFile; fileRef = FD018C082A701AB000552F80 /* flowers.layout */; };
		FD018C102A701AB000552F80 /* future.layout in Resources */ = {isa = PBXBuildFile; fileRef = FD018C092A701AB000552F80 /* future.layout */; };
		FD018C122A701C2C00552F80 /* dragon.layout in Resources */ = {isa = PBXBuildFile; fileRef = FD018C112A701C2C00552F80 /* dragon.layout */; };
		FD8D3BCA2A6B003A001B4547 /* OverlayScene.swift in Sources */ = {isa = PBXBuildFile; fileRef = FD8D3BC92A6B003A001B4547 /* OverlayScene.swift */; };
		FD8D3BCD2A6B19F8001B4547 /* mahjong.png in Resources */ = {isa = PBXBuildFile; fileRef = FD8D3BCB2A6B19F8001B4547 /* mahjong.png */; };
		FD8D3BCE2A6B19F8001B4547 /* mahjong_double.png in Resources */ = {isa = PBXBuildFile; fileRef = FD8D3BCC2A6B19F8001B4547 /* mahjong_double.png */; };
		FD8D3BD02A6B1A3D001B4547 /* help_blue.png in Resources */ = {isa = PBXBuildFile; fileRef = FD8D3BCF2A6B1A3D001B4547 /* help_blue.png */; };
		FD8D3BD52A6C24A2001B4547 /* TexturesCom_Wood_TeakVeneer_512_roughness.tif in Resources */ = {isa = PBXBuildFile; fileRef = FD8D3BD22A6C24A2001B4547 /* TexturesCom_Wood_TeakVeneer_512_roughness.tif */; };
		FD8D3BD62A6C24A2001B4547 /* TexturesCom_Wood_TeakVeneer_512_normal.tif in Resources */ = {isa = PBXBuildFile; fileRef = FD8D3BD32A6C24A2001B4547 /* TexturesCom_Wood_TeakVeneer_512_normal.tif */; };
		FD8D3BD72A6C24A2001B4547 /* TexturesCom_Wood_TeakVeneer_512_albedo.tif in Resources */ = {isa = PBXBuildFile; fileRef = FD8D3BD42A6C24A2001B4547 /* TexturesCom_Wood_TeakVeneer_512_albedo.tif */; };
/* End PBXBuildFile section */

/* Begin PBXFileReference section */
		BF1DE7D22A70FE1200B7E352 /* ru */ = {isa = PBXFileReference; lastKnownFileType = text.plist.strings; name = ru; path = ru.lproj/MainMenu.strings; sourceTree = "<group>"; };
		BF1DE7D42A70FE3900B7E352 /* ru */ = {isa = PBXFileReference; lastKnownFileType = text.plist.strings; name = ru; path = ru.lproj/Localizable.strings; sourceTree = "<group>"; };
		BF1DE7D62A70FE3E00B7E352 /* en */ = {isa = PBXFileReference; lastKnownFileType = text.plist.strings; name = en; path = en.lproj/Localizable.strings; sourceTree = "<group>"; };
		BF1DE7D72A70FF5700B7E352 /* default.layout */ = {isa = PBXFileReference; fileEncoding = 4; lastKnownFileType = text; path = default.layout; sourceTree = "<group>"; };
		BF1DE7D92A71009700B7E352 /* pyramid.layout */ = {isa = PBXFileReference; fileEncoding = 4; lastKnownFileType = text; path = pyramid.layout; sourceTree = "<group>"; };
		BF1DE7DB2A71397000B7E352 /* YouLoseNode.swift */ = {isa = PBXFileReference; lastKnownFileType = sourcecode.swift; path = YouLoseNode.swift; sourceTree = "<group>"; };
		BF1DE7DE2A714B7400B7E352 /* GameInfoNode.swift */ = {isa = PBXFileReference; lastKnownFileType = sourcecode.swift; path = GameInfoNode.swift; sourceTree = "<group>"; };
		BF1DE7E02A714C2400B7E352 /* ProgressNode.swift */ = {isa = PBXFileReference; lastKnownFileType = sourcecode.swift; path = ProgressNode.swift; sourceTree = "<group>"; };
		BF1DE8062A739E0400B7E352 /* YouWinNode.swift */ = {isa = PBXFileReference; lastKnownFileType = sourcecode.swift; path = YouWinNode.swift; sourceTree = "<group>"; };
		BF1DE80E2A778D4E00B7E352 /* test4x4.layout */ = {isa = PBXFileReference; fileEncoding = 4; lastKnownFileType = text; path = test4x4.layout; sourceTree = "<group>"; };
		BF1DE8122A77916B00B7E352 /* OK.png */ = {isa = PBXFileReference; lastKnownFileType = image.png; path = OK.png; sourceTree = "<group>"; };
		BF1DE83F2A78C2D400B7E352 /* Lose2.png */ = {isa = PBXFileReference; lastKnownFileType = image.png; path = Lose2.png; sourceTree = "<group>"; };
		BF1DE8412A78C4C300B7E352 /* YouWin2.png */ = {isa = PBXFileReference; lastKnownFileType = image.png; path = YouWin2.png; sourceTree = "<group>"; };
		BF1DE84D2A7B921800B7E352 /* InfoBtn.png */ = {isa = PBXFileReference; lastKnownFileType = image.png; path = InfoBtn.png; sourceTree = "<group>"; };
		BF1DE84F2A7B921D00B7E352 /* InfoValue.png */ = {isa = PBXFileReference; lastKnownFileType = image.png; path = InfoValue.png; sourceTree = "<group>"; };
		BF1DE8512A7B92EF00B7E352 /* InfoValueNode.swift */ = {isa = PBXFileReference; lastKnownFileType = sourcecode.swift; path = InfoValueNode.swift; sourceTree = "<group>"; };
		BF1DE8532A7B9E0000B7E352 /* DoubleItem.png */ = {isa = PBXFileReference; lastKnownFileType = image.png; path = DoubleItem.png; sourceTree = "<group>"; };
		BF1DE8552A7B9E0500B7E352 /* CountItem.png */ = {isa = PBXFileReference; lastKnownFileType = image.png; path = CountItem.png; sourceTree = "<group>"; };
		BF1DE8572A7B9F8D00B7E352 /* CountItem2.png */ = {isa = PBXFileReference; lastKnownFileType = image.png; path = CountItem2.png; sourceTree = "<group>"; };
		BF1DE8592A7BA1D400B7E352 /* InfoButtonNode.swift */ = {isa = PBXFileReference; lastKnownFileType = sourcecode.swift; path = InfoButtonNode.swift; sourceTree = "<group>"; };
		BF1DE85B2A7BAB7900B7E352 /* ProgressBG.png */ = {isa = PBXFileReference; lastKnownFileType = image.png; path = ProgressBG.png; sourceTree = "<group>"; };
		BF52129C2A6E4E4A00F72B5A /* MaterialUtils.swift */ = {isa = PBXFileReference; lastKnownFileType = sourcecode.swift; path = MaterialUtils.swift; sourceTree = "<group>"; };
		BF52129E2A6E6B1600F72B5A /* items.png */ = {isa = PBXFileReference; lastKnownFileType = image.png; path = items.png; sourceTree = "<group>"; };
		BF5212A62A6F92A400F72B5A /* AboutView.swift */ = {isa = PBXFileReference; fileEncoding = 4; lastKnownFileType = sourcecode.swift; path = AboutView.swift; sourceTree = "<group>"; };
		BF5212A72A6F92A400F72B5A /* HelpView.swift */ = {isa = PBXFileReference; fileEncoding = 4; lastKnownFileType = sourcecode.swift; path = HelpView.swift; sourceTree = "<group>"; };
		BF5212AC2A6FB28E00F72B5A /* check_icon.png */ = {isa = PBXFileReference; lastKnownFileType = image.png; path = check_icon.png; sourceTree = "<group>"; };
		BF5212AE2A6FB30300F72B5A /* check_icon16.png */ = {isa = PBXFileReference; lastKnownFileType = image.png; path = check_icon16.png; sourceTree = "<group>"; };
		BF5212B02A6FB40200F72B5A /* LevelItem.swift */ = {isa = PBXFileReference; lastKnownFileType = sourcecode.swift; path = LevelItem.swift; sourceTree = "<group>"; };
		BF5212C02A6FD07A00F72B5A /* Storage.swift */ = {isa = PBXFileReference; lastKnownFileType = sourcecode.swift; path = Storage.swift; sourceTree = "<group>"; };
		BF5212C42A6FF47F00F72B5A /* rocket.layout */ = {isa = PBXFileReference; fileEncoding = 4; lastKnownFileType = text; path = rocket.layout; sourceTree = "<group>"; };
		BF5212C62A6FF56C00F72B5A /* LayoutLevels.swift */ = {isa = PBXFileReference; lastKnownFileType = sourcecode.swift; path = LayoutLevels.swift; sourceTree = "<group>"; };
		BFCE109D2A690B50004043FF /* ItemNone.swift */ = {isa = PBXFileReference; lastKnownFileType = sourcecode.swift; path = ItemNone.swift; sourceTree = "<group>"; };
		BFCE10A12A6916C6004043FF /* TexturesCom_Metal_SteelRough2_1K_ao.tif */ = {isa = PBXFileReference; lastKnownFileType = image.tiff; path = TexturesCom_Metal_SteelRough2_1K_ao.tif; sourceTree = "<group>"; };
		BFCE10A22A6916C6004043FF /* TexturesCom_Metal_SteelRough2_1K_metallic.tif */ = {isa = PBXFileReference; lastKnownFileType = image.tiff; path = TexturesCom_Metal_SteelRough2_1K_metallic.tif; sourceTree = "<group>"; };
		BFCE10A32A6916C6004043FF /* TexturesCom_Metal_SteelRough2_1K_albedo.tif */ = {isa = PBXFileReference; lastKnownFileType = image.tiff; path = TexturesCom_Metal_SteelRough2_1K_albedo.tif; sourceTree = "<group>"; };
		BFCE10A42A6916C6004043FF /* TexturesCom_Metal_SteelRough2_1K_roughness.tif */ = {isa = PBXFileReference; lastKnownFileType = image.tiff; path = TexturesCom_Metal_SteelRough2_1K_roughness.tif; sourceTree = "<group>"; };
		BFCE10A52A6916C6004043FF /* TexturesCom_Metal_SteelRough2_1K_normal.tif */ = {isa = PBXFileReference; lastKnownFileType = image.tiff; path = TexturesCom_Metal_SteelRough2_1K_normal.tif; sourceTree = "<group>"; };
		BFCE10AD2A691841004043FF /* Front.png */ = {isa = PBXFileReference; lastKnownFileType = image.png; path = Front.png; sourceTree = "<group>"; };
		BFCE10F82A692990004043FF /* TexturesCom_Marble_SlabWhite2_New_512_albedo.tif */ = {isa = PBXFileReference; lastKnownFileType = image.tiff; path = TexturesCom_Marble_SlabWhite2_New_512_albedo.tif; sourceTree = "<group>"; };
		BFCE10FA2A694CB4004043FF /* Pos.swift */ = {isa = PBXFileReference; lastKnownFileType = sourcecode.swift; path = Pos.swift; sourceTree = "<group>"; };
		BFCE10FE2A695980004043FF /* ItemType.swift */ = {isa = PBXFileReference; lastKnownFileType = sourcecode.swift; path = ItemType.swift; sourceTree = "<group>"; };
		BFCE11012A695D59004043FF /* env_star.png */ = {isa = PBXFileReference; lastKnownFileType = image.png; path = env_star.png; sourceTree = "<group>"; };
		BFD8A9D32A69063800F679CA /* Mahjong.app */ = {isa = PBXFileReference; explicitFileType = wrapper.application; includeInIndex = 0; path = Mahjong.app; sourceTree = BUILT_PRODUCTS_DIR; };
		BFD8A9D62A69063800F679CA /* AppDelegate.swift */ = {isa = PBXFileReference; lastKnownFileType = sourcecode.swift; path = AppDelegate.swift; sourceTree = "<group>"; };
		BFD8A9D82A69063A00F679CA /* Assets.xcassets */ = {isa = PBXFileReference; lastKnownFileType = folder.assetcatalog; path = Assets.xcassets; sourceTree = "<group>"; };
		BFD8A9DB2A69063A00F679CA /* Base */ = {isa = PBXFileReference; lastKnownFileType = file.xib; name = Base; path = Base.lproj/MainMenu.xib; sourceTree = "<group>"; };
		BFD8A9DD2A69063A00F679CA /* MacOS_Mahjong_1.entitlements */ = {isa = PBXFileReference; lastKnownFileType = text.plist.entitlements; path = MacOS_Mahjong_1.entitlements; sourceTree = "<group>"; };
		BFD8A9E42A6906E700F679CA /* RootView.swift */ = {isa = PBXFileReference; fileEncoding = 4; lastKnownFileType = sourcecode.swift; path = RootView.swift; sourceTree = "<group>"; };
		BFD8A9E72A69071D00F679CA /* ScenesView.swift */ = {isa = PBXFileReference; lastKnownFileType = sourcecode.swift; path = ScenesView.swift; sourceTree = "<group>"; };
		BFD8A9EA2A69087600F679CA /* SKScene.scnassets */ = {isa = PBXFileReference; lastKnownFileType = wrapper.scnassets; path = SKScene.scnassets; sourceTree = "<group>"; };
		FD018BFD2A70170F00552F80 /* grid.layout */ = {isa = PBXFileReference; fileEncoding = 4; lastKnownFileType = text; path = grid.layout; sourceTree = "<group>"; };
		FD018BFF2A70193F00552F80 /* glade.layout */ = {isa = PBXFileReference; fileEncoding = 4; lastKnownFileType = text; path = glade.layout; sourceTree = "<group>"; };
		FD018C012A70194300552F80 /* girl.layout */ = {isa = PBXFileReference; fileEncoding = 4; lastKnownFileType = text; path = girl.layout; sourceTree = "<group>"; };
		FD018C032A701AB000552F80 /* enterprise.layout */ = {isa = PBXFileReference; fileEncoding = 4; lastKnownFileType = text; path = enterprise.layout; sourceTree = "<group>"; };
		FD018C042A701AB000552F80 /* galaxy.layout */ = {isa = PBXFileReference; fileEncoding = 4; lastKnownFileType = text; path = galaxy.layout; sourceTree = "<group>"; };
		FD018C052A701AB000552F80 /* garden.layout */ = {isa = PBXFileReference; fileEncoding = 4; lastKnownFileType = text; path = garden.layout; sourceTree = "<group>"; };
		FD018C062A701AB000552F80 /* eagle.layout */ = {isa = PBXFileReference; fileEncoding = 4; lastKnownFileType = text; path = eagle.layout; sourceTree = "<group>"; };
		FD018C072A701AB000552F80 /* explosion.layout */ = {isa = PBXFileReference; fileEncoding = 4; lastKnownFileType = text; path = explosion.layout; sourceTree = "<group>"; };
		FD018C082A701AB000552F80 /* flowers.layout */ = {isa = PBXFileReference; fileEncoding = 4; lastKnownFileType = text; path = flowers.layout; sourceTree = "<group>"; };
		FD018C092A701AB000552F80 /* future.layout */ = {isa = PBXFileReference; fileEncoding = 4; lastKnownFileType = text; path = future.layout; sourceTree = "<group>"; };
		FD018C112A701C2C00552F80 /* dragon.layout */ = {isa = PBXFileReference; fileEncoding = 4; lastKnownFileType = text; path = dragon.layout; sourceTree = "<group>"; };
		FD8D3BC92A6B003A001B4547 /* OverlayScene.swift */ = {isa = PBXFileReference; lastKnownFileType = sourcecode.swift; path = OverlayScene.swift; sourceTree = "<group>"; };
		FD8D3BCB2A6B19F8001B4547 /* mahjong.png */ = {isa = PBXFileReference; lastKnownFileType = image.png; path = mahjong.png; sourceTree = "<group>"; };
		FD8D3BCC2A6B19F8001B4547 /* mahjong_double.png */ = {isa = PBXFileReference; lastKnownFileType = image.png; path = mahjong_double.png; sourceTree = "<group>"; };
		FD8D3BCF2A6B1A3D001B4547 /* help_blue.png */ = {isa = PBXFileReference; lastKnownFileType = image.png; path = help_blue.png; sourceTree = "<group>"; };
		FD8D3BD22A6C24A2001B4547 /* TexturesCom_Wood_TeakVeneer_512_roughness.tif */ = {isa = PBXFileReference; lastKnownFileType = image.tiff; path = TexturesCom_Wood_TeakVeneer_512_roughness.tif; sourceTree = "<group>"; };
		FD8D3BD32A6C24A2001B4547 /* TexturesCom_Wood_TeakVeneer_512_normal.tif */ = {isa = PBXFileReference; lastKnownFileType = image.tiff; path = TexturesCom_Wood_TeakVeneer_512_normal.tif; sourceTree = "<group>"; };
		FD8D3BD42A6C24A2001B4547 /* TexturesCom_Wood_TeakVeneer_512_albedo.tif */ = {isa = PBXFileReference; lastKnownFileType = image.tiff; path = TexturesCom_Wood_TeakVeneer_512_albedo.tif; sourceTree = "<group>"; };
		FDB11BFB2A69815300507D49 /* Sou2.png */ = {isa = PBXFileReference; lastKnownFileType = image.png; path = Sou2.png; sourceTree = "<group>"; };
		FDB11BFC2A69815300507D49 /* Sou9.png */ = {isa = PBXFileReference; lastKnownFileType = image.png; path = Sou9.png; sourceTree = "<group>"; };
		FDB11BFD2A69815300507D49 /* Sou3.png */ = {isa = PBXFileReference; lastKnownFileType = image.png; path = Sou3.png; sourceTree = "<group>"; };
		FDB11BFE2A69815300507D49 /* Sou8.png */ = {isa = PBXFileReference; lastKnownFileType = image.png; path = Sou8.png; sourceTree = "<group>"; };
		FDB11BFF2A69815300507D49 /* Sou4.png */ = {isa = PBXFileReference; lastKnownFileType = image.png; path = Sou4.png; sourceTree = "<group>"; };
		FDB11C002A69815300507D49 /* Sou1.png */ = {isa = PBXFileReference; lastKnownFileType = image.png; path = Sou1.png; sourceTree = "<group>"; };
		FDB11C012A69815300507D49 /* Sou7.png */ = {isa = PBXFileReference; lastKnownFileType = image.png; path = Sou7.png; sourceTree = "<group>"; };
		FDB11C022A69815300507D49 /* Sou6.png */ = {isa = PBXFileReference; lastKnownFileType = image.png; path = Sou6.png; sourceTree = "<group>"; };
		FDB11C032A69815300507D49 /* Sou5.png */ = {isa = PBXFileReference; lastKnownFileType = image.png; path = Sou5.png; sourceTree = "<group>"; };
		FDB11C0D2A69B0D000507D49 /* Man7.png */ = {isa = PBXFileReference; lastKnownFileType = image.png; path = Man7.png; sourceTree = "<group>"; };
		FDB11C0E2A69B0D000507D49 /* Man4.png */ = {isa = PBXFileReference; lastKnownFileType = image.png; path = Man4.png; sourceTree = "<group>"; };
		FDB11C0F2A69B0D000507D49 /* Man3.png */ = {isa = PBXFileReference; lastKnownFileType = image.png; path = Man3.png; sourceTree = "<group>"; };
		FDB11C102A69B0D000507D49 /* Man5.png */ = {isa = PBXFileReference; lastKnownFileType = image.png; path = Man5.png; sourceTree = "<group>"; };
		FDB11C112A69B0D000507D49 /* Man9.png */ = {isa = PBXFileReference; lastKnownFileType = image.png; path = Man9.png; sourceTree = "<group>"; };
		FDB11C122A69B0D000507D49 /* Man6.png */ = {isa = PBXFileReference; lastKnownFileType = image.png; path = Man6.png; sourceTree = "<group>"; };
		FDB11C132A69B0D000507D49 /* Man8.png */ = {isa = PBXFileReference; lastKnownFileType = image.png; path = Man8.png; sourceTree = "<group>"; };
		FDB11C142A69B0D000507D49 /* Man1.png */ = {isa = PBXFileReference; lastKnownFileType = image.png; path = Man1.png; sourceTree = "<group>"; };
		FDB11C152A69B0D000507D49 /* Man2.png */ = {isa = PBXFileReference; lastKnownFileType = image.png; path = Man2.png; sourceTree = "<group>"; };
		FDB11C1F2A69B35000507D49 /* Pin2.png */ = {isa = PBXFileReference; lastKnownFileType = image.png; path = Pin2.png; sourceTree = "<group>"; };
		FDB11C202A69B35000507D49 /* Pin8.png */ = {isa = PBXFileReference; lastKnownFileType = image.png; path = Pin8.png; sourceTree = "<group>"; };
		FDB11C212A69B35000507D49 /* Pin7.png */ = {isa = PBXFileReference; lastKnownFileType = image.png; path = Pin7.png; sourceTree = "<group>"; };
		FDB11C222A69B35000507D49 /* Pin3.png */ = {isa = PBXFileReference; lastKnownFileType = image.png; path = Pin3.png; sourceTree = "<group>"; };
		FDB11C232A69B35000507D49 /* Pin9.png */ = {isa = PBXFileReference; lastKnownFileType = image.png; path = Pin9.png; sourceTree = "<group>"; };
		FDB11C242A69B35000507D49 /* Pin1.png */ = {isa = PBXFileReference; lastKnownFileType = image.png; path = Pin1.png; sourceTree = "<group>"; };
		FDB11C252A69B35000507D49 /* Pin4.png */ = {isa = PBXFileReference; lastKnownFileType = image.png; path = Pin4.png; sourceTree = "<group>"; };
		FDB11C262A69B35000507D49 /* Pin5.png */ = {isa = PBXFileReference; lastKnownFileType = image.png; path = Pin5.png; sourceTree = "<group>"; };
		FDB11C272A69B35000507D49 /* Pin6.png */ = {isa = PBXFileReference; lastKnownFileType = image.png; path = Pin6.png; sourceTree = "<group>"; };
		FDB11C312A69B64600507D49 /* Chun.png */ = {isa = PBXFileReference; lastKnownFileType = image.png; path = Chun.png; sourceTree = "<group>"; };
		FDB11C322A69B64600507D49 /* Ton.png */ = {isa = PBXFileReference; lastKnownFileType = image.png; path = Ton.png; sourceTree = "<group>"; };
		FDB11C332A69B64600507D49 /* Shaa.png */ = {isa = PBXFileReference; lastKnownFileType = image.png; path = Shaa.png; sourceTree = "<group>"; };
		FDB11C342A69B64600507D49 /* Pei.png */ = {isa = PBXFileReference; lastKnownFileType = image.png; path = Pei.png; sourceTree = "<group>"; };
		FDB11C352A69B64600507D49 /* Hatsu.png */ = {isa = PBXFileReference; lastKnownFileType = image.png; path = Hatsu.png; sourceTree = "<group>"; };
		FDB11C362A69B64600507D49 /* Haku.png */ = {isa = PBXFileReference; lastKnownFileType = image.png; path = Haku.png; sourceTree = "<group>"; };
		FDB11C372A69B64600507D49 /* Nan.png */ = {isa = PBXFileReference; lastKnownFileType = image.png; path = Nan.png; sourceTree = "<group>"; };
		FDB11C472A69BDD700507D49 /* flow1.png */ = {isa = PBXFileReference; lastKnownFileType = image.png; path = flow1.png; sourceTree = "<group>"; };
		FDB11C482A69BDD700507D49 /* flow2.png */ = {isa = PBXFileReference; lastKnownFileType = image.png; path = flow2.png; sourceTree = "<group>"; };
/* End PBXFileReference section */

/* Begin PBXFrameworksBuildPhase section */
		BFD8A9D02A69063800F679CA /* Frameworks */ = {
			isa = PBXFrameworksBuildPhase;
			buildActionMask = 2147483647;
			files = (
			);
			runOnlyForDeploymentPostprocessing = 0;
		};
/* End PBXFrameworksBuildPhase section */

/* Begin PBXGroup section */
		BF1DE7CF2A70FDE600B7E352 /* LocalizedString */ = {
			isa = PBXGroup;
			children = (
				BF1DE7D52A70FE3900B7E352 /* Localizable.strings */,
			);
			path = LocalizedString;
			sourceTree = "<group>";
		};
		BF1DE7DD2A714B5B00B7E352 /* Overlay */ = {
			isa = PBXGroup;
			children = (
				FD8D3BC92A6B003A001B4547 /* OverlayScene.swift */,
				BF1DE7E02A714C2400B7E352 /* ProgressNode.swift */,
				BF1DE7DE2A714B7400B7E352 /* GameInfoNode.swift */,
				BF1DE7DB2A71397000B7E352 /* YouLoseNode.swift */,
				BF1DE8062A739E0400B7E352 /* YouWinNode.swift */,
				BF1DE8512A7B92EF00B7E352 /* InfoValueNode.swift */,
				BF1DE8592A7BA1D400B7E352 /* InfoButtonNode.swift */,
			);
			path = Overlay;
			sourceTree = "<group>";
		};
		BF5212AB2A6FB28400F72B5A /* Menu */ = {
			isa = PBXGroup;
			children = (
				BF5212AE2A6FB30300F72B5A /* check_icon16.png */,
				BF5212AC2A6FB28E00F72B5A /* check_icon.png */,
			);
			path = Menu;
			sourceTree = "<group>";
		};
		BF5212BF2A6FD06500F72B5A /* Storage */ = {
			isa = PBXGroup;
			children = (
				BF5212C02A6FD07A00F72B5A /* Storage.swift */,
			);
			path = Storage;
			sourceTree = "<group>";
		};
		BF5212C22A6FF45A00F72B5A /* LayoutLevels */ = {
			isa = PBXGroup;
			children = (
				BF5212C32A6FF46E00F72B5A /* Resources */,
				BF5212C62A6FF56C00F72B5A /* LayoutLevels.swift */,
			);
			path = LayoutLevels;
			sourceTree = "<group>";
		};
		BF5212C32A6FF46E00F72B5A /* Resources */ = {
			isa = PBXGroup;
			children = (
				BF1DE7D92A71009700B7E352 /* pyramid.layout */,
				BF1DE7D72A70FF5700B7E352 /* default.layout */,
				FD018BFD2A70170F00552F80 /* grid.layout */,
				BF5212C42A6FF47F00F72B5A /* rocket.layout */,
				FD018BFF2A70193F00552F80 /* glade.layout */,
				FD018C012A70194300552F80 /* girl.layout */,
				FD018C062A701AB000552F80 /* eagle.layout */,
				FD018C032A701AB000552F80 /* enterprise.layout */,
				FD018C072A701AB000552F80 /* explosion.layout */,
				FD018C082A701AB000552F80 /* flowers.layout */,
				FD018C092A701AB000552F80 /* future.layout */,
				FD018C042A701AB000552F80 /* galaxy.layout */,
				FD018C052A701AB000552F80 /* garden.layout */,
				FD018C112A701C2C00552F80 /* dragon.layout */,
				BF1DE80E2A778D4E00B7E352 /* test4x4.layout */,
			);
			path = Resources;
			sourceTree = "<group>";
		};
		BFCE109C2A690B3A004043FF /* Items */ = {
			isa = PBXGroup;
			children = (
				BFCE109D2A690B50004043FF /* ItemNone.swift */,
				BFCE10FA2A694CB4004043FF /* Pos.swift */,
				BFCE10FE2A695980004043FF /* ItemType.swift */,
				BF52129C2A6E4E4A00F72B5A /* MaterialUtils.swift */,
				BF5212B02A6FB40200F72B5A /* LevelItem.swift */,
			);
			path = Items;
			sourceTree = "<group>";
		};
		BFCE109F2A6916A5004043FF /* Texture */ = {
			isa = PBXGroup;
			children = (
				FD0DAAD12A76C97E00A0802F /* Overlay */,
				BF5212AB2A6FB28400F72B5A /* Menu */,
				FD8D3BD12A6C2496001B4547 /* Wood */,
				FDB11BFA2A69813500507D49 /* ItemsNew */,
				BFCE11002A695D4A004043FF /* Star */,
				BFCE10AB2A691834004043FF /* Items */,
				BFCE10A02A6916B6004043FF /* Item1 */,
			);
			path = Texture;
			sourceTree = "<group>";
		};
		BFCE10A02A6916B6004043FF /* Item1 */ = {
			isa = PBXGroup;
			children = (
				BFCE10F82A692990004043FF /* TexturesCom_Marble_SlabWhite2_New_512_albedo.tif */,
				BFCE10A32A6916C6004043FF /* TexturesCom_Metal_SteelRough2_1K_albedo.tif */,
				BFCE10A12A6916C6004043FF /* TexturesCom_Metal_SteelRough2_1K_ao.tif */,
				BFCE10A22A6916C6004043FF /* TexturesCom_Metal_SteelRough2_1K_metallic.tif */,
				BFCE10A52A6916C6004043FF /* TexturesCom_Metal_SteelRough2_1K_normal.tif */,
				BFCE10A42A6916C6004043FF /* TexturesCom_Metal_SteelRough2_1K_roughness.tif */,
			);
			path = Item1;
			sourceTree = "<group>";
		};
		BFCE10AB2A691834004043FF /* Items */ = {
			isa = PBXGroup;
			children = (
				FD8D3BCF2A6B1A3D001B4547 /* help_blue.png */,
				FD8D3BCC2A6B19F8001B4547 /* mahjong_double.png */,
				FD8D3BCB2A6B19F8001B4547 /* mahjong.png */,
				BFCE10AD2A691841004043FF /* Front.png */,
			);
			path = Items;
			sourceTree = "<group>";
		};
		BFCE11002A695D4A004043FF /* Star */ = {
			isa = PBXGroup;
			children = (
				BFCE11012A695D59004043FF /* env_star.png */,
			);
			path = Star;
			sourceTree = "<group>";
		};
		BFD8A9CA2A69063800F679CA = {
			isa = PBXGroup;
			children = (
				BFD8A9D52A69063800F679CA /* MacOS-Mahjong-1 */,
				BFD8A9D42A69063800F679CA /* Products */,
			);
			sourceTree = "<group>";
		};
		BFD8A9D42A69063800F679CA /* Products */ = {
			isa = PBXGroup;
			children = (
				BFD8A9D32A69063800F679CA /* Mahjong.app */,
			);
			name = Products;
			sourceTree = "<group>";
		};
		BFD8A9D52A69063800F679CA /* MacOS-Mahjong-1 */ = {
			isa = PBXGroup;
			children = (
				BF1DE7CF2A70FDE600B7E352 /* LocalizedString */,
				BF5212C22A6FF45A00F72B5A /* LayoutLevels */,
				BF5212BF2A6FD06500F72B5A /* Storage */,
				BFCE109F2A6916A5004043FF /* Texture */,
				BFD8A9E92A69082000F679CA /* Scenes */,
				BFD8A9E62A69070900F679CA /* ScenesViews */,
				BFD8A9E32A6906D200F679CA /* Views */,
				BFD8A9D62A69063800F679CA /* AppDelegate.swift */,
				BFD8A9D82A69063A00F679CA /* Assets.xcassets */,
				BFD8A9DA2A69063A00F679CA /* MainMenu.xib */,
				BFD8A9DD2A69063A00F679CA /* MacOS_Mahjong_1.entitlements */,
			);
			path = "MacOS-Mahjong-1";
			sourceTree = "<group>";
		};
		BFD8A9E32A6906D200F679CA /* Views */ = {
			isa = PBXGroup;
			children = (
				BF5212A62A6F92A400F72B5A /* AboutView.swift */,
				BF5212A72A6F92A400F72B5A /* HelpView.swift */,
				BFD8A9E42A6906E700F679CA /* RootView.swift */,
			);
			path = Views;
			sourceTree = "<group>";
		};
		BFD8A9E62A69070900F679CA /* ScenesViews */ = {
			isa = PBXGroup;
			children = (
				BF1DE7DD2A714B5B00B7E352 /* Overlay */,
				BFCE109C2A690B3A004043FF /* Items */,
				BFD8A9E72A69071D00F679CA /* ScenesView.swift */,
			);
			path = ScenesViews;
			sourceTree = "<group>";
		};
		BFD8A9E92A69082000F679CA /* Scenes */ = {
			isa = PBXGroup;
			children = (
				BFD8A9EA2A69087600F679CA /* SKScene.scnassets */,
			);
			path = Scenes;
			sourceTree = "<group>";
		};
		FD0DAAD12A76C97E00A0802F /* Overlay */ = {
			isa = PBXGroup;
			children = (
				BF1DE85B2A7BAB7900B7E352 /* ProgressBG.png */,
				BF1DE8572A7B9F8D00B7E352 /* CountItem2.png */,
				BF1DE8552A7B9E0500B7E352 /* CountItem.png */,
				BF1DE8532A7B9E0000B7E352 /* DoubleItem.png */,
				BF1DE84F2A7B921D00B7E352 /* InfoValue.png */,
				BF1DE84D2A7B921800B7E352 /* InfoBtn.png */,
				BF1DE8412A78C4C300B7E352 /* YouWin2.png */,
				BF1DE83F2A78C2D400B7E352 /* Lose2.png */,
				BF1DE8122A77916B00B7E352 /* OK.png */,
			);
			path = Overlay;
			sourceTree = "<group>";
		};
		FD8D3BD12A6C2496001B4547 /* Wood */ = {
			isa = PBXGroup;
			children = (
				FD8D3BD42A6C24A2001B4547 /* TexturesCom_Wood_TeakVeneer_512_albedo.tif */,
				FD8D3BD32A6C24A2001B4547 /* TexturesCom_Wood_TeakVeneer_512_normal.tif */,
				FD8D3BD22A6C24A2001B4547 /* TexturesCom_Wood_TeakVeneer_512_roughness.tif */,
			);
			path = Wood;
			sourceTree = "<group>";
		};
		FDB11BFA2A69813500507D49 /* ItemsNew */ = {
			isa = PBXGroup;
			children = (
				BF52129E2A6E6B1600F72B5A /* items.png */,
				FDB11C312A69B64600507D49 /* Chun.png */,
				FDB11C362A69B64600507D49 /* Haku.png */,
				FDB11C352A69B64600507D49 /* Hatsu.png */,
				FDB11C372A69B64600507D49 /* Nan.png */,
				FDB11C342A69B64600507D49 /* Pei.png */,
				FDB11C332A69B64600507D49 /* Shaa.png */,
				FDB11C322A69B64600507D49 /* Ton.png */,
				FDB11C242A69B35000507D49 /* Pin1.png */,
				FDB11C1F2A69B35000507D49 /* Pin2.png */,
				FDB11C222A69B35000507D49 /* Pin3.png */,
				FDB11C252A69B35000507D49 /* Pin4.png */,
				FDB11C262A69B35000507D49 /* Pin5.png */,
				FDB11C272A69B35000507D49 /* Pin6.png */,
				FDB11C212A69B35000507D49 /* Pin7.png */,
				FDB11C202A69B35000507D49 /* Pin8.png */,
				FDB11C232A69B35000507D49 /* Pin9.png */,
				FDB11C142A69B0D000507D49 /* Man1.png */,
				FDB11C152A69B0D000507D49 /* Man2.png */,
				FDB11C0F2A69B0D000507D49 /* Man3.png */,
				FDB11C0E2A69B0D000507D49 /* Man4.png */,
				FDB11C102A69B0D000507D49 /* Man5.png */,
				FDB11C122A69B0D000507D49 /* Man6.png */,
				FDB11C0D2A69B0D000507D49 /* Man7.png */,
				FDB11C132A69B0D000507D49 /* Man8.png */,
				FDB11C112A69B0D000507D49 /* Man9.png */,
				FDB11C002A69815300507D49 /* Sou1.png */,
				FDB11BFB2A69815300507D49 /* Sou2.png */,
				FDB11BFD2A69815300507D49 /* Sou3.png */,
				FDB11BFF2A69815300507D49 /* Sou4.png */,
				FDB11C032A69815300507D49 /* Sou5.png */,
				FDB11C022A69815300507D49 /* Sou6.png */,
				FDB11C012A69815300507D49 /* Sou7.png */,
				FDB11BFE2A69815300507D49 /* Sou8.png */,
				FDB11BFC2A69815300507D49 /* Sou9.png */,
				FDB11C472A69BDD700507D49 /* flow1.png */,
				FDB11C482A69BDD700507D49 /* flow2.png */,
			);
			path = ItemsNew;
			sourceTree = "<group>";
		};
/* End PBXGroup section */

/* Begin PBXNativeTarget section */
		BFD8A9D22A69063800F679CA /* Mahjong */ = {
			isa = PBXNativeTarget;
			buildConfigurationList = BFD8A9E02A69063A00F679CA /* Build configuration list for PBXNativeTarget "Mahjong" */;
			buildPhases = (
				BFD8A9CF2A69063800F679CA /* Sources */,
				BFD8A9D02A69063800F679CA /* Frameworks */,
				BFD8A9D12A69063800F679CA /* Resources */,
			);
			buildRules = (
			);
			dependencies = (
			);
			name = Mahjong;
			productName = "MacOS-Mahjong-1";
			productReference = BFD8A9D32A69063800F679CA /* Mahjong.app */;
			productType = "com.apple.product-type.application";
		};
/* End PBXNativeTarget section */

/* Begin PBXProject section */
		BFD8A9CB2A69063800F679CA /* Project object */ = {
			isa = PBXProject;
			attributes = {
				BuildIndependentTargetsInParallel = 1;
				LastSwiftUpdateCheck = 1430;
				LastUpgradeCheck = 1430;
				TargetAttributes = {
					BFD8A9D22A69063800F679CA = {
						CreatedOnToolsVersion = 14.3;
					};
				};
			};
			buildConfigurationList = BFD8A9CE2A69063800F679CA /* Build configuration list for PBXProject "MacOS-Mahjong-1" */;
			compatibilityVersion = "Xcode 14.0";
			developmentRegion = en;
			hasScannedForEncodings = 0;
			knownRegions = (
				en,
				Base,
				ru,
			);
			mainGroup = BFD8A9CA2A69063800F679CA;
			productRefGroup = BFD8A9D42A69063800F679CA /* Products */;
			projectDirPath = "";
			projectRoot = "";
			targets = (
				BFD8A9D22A69063800F679CA /* Mahjong */,
			);
		};
/* End PBXProject section */

/* Begin PBXResourcesBuildPhase section */
		BFD8A9D12A69063800F679CA /* Resources */ = {
			isa = PBXResourcesBuildPhase;
			buildActionMask = 2147483647;
			files = (
				BFCE11022A695D59004043FF /* env_star.png in Resources */,
				BFCE10A92A6916C6004043FF /* TexturesCom_Metal_SteelRough2_1K_roughness.tif in Resources */,
				BF5212C52A6FF47F00F72B5A /* rocket.layout in Resources */,
				BFD8A9D92A69063A00F679CA /* Assets.xcassets in Resources */,
				BFCE10A72A6916C6004043FF /* TexturesCom_Metal_SteelRough2_1K_metallic.tif in Resources */,
				BF1DE8562A7B9E0500B7E352 /* CountItem.png in Resources */,
				FD018C0C2A701AB000552F80 /* garden.layout in Resources */,
				BFD8A9EB2A69087600F679CA /* SKScene.scnassets in Resources */,
				BFCE10D32A691841004043FF /* Front.png in Resources */,
				FD018C0F2A701AB000552F80 /* flowers.layout in Resources */,
				FD018BFE2A70170F00552F80 /* grid.layout in Resources */,
				BF1DE85C2A7BAB7900B7E352 /* ProgressBG.png in Resources */,
				BF1DE7DA2A71009700B7E352 /* pyramid.layout in Resources */,
				BF1DE8542A7B9E0000B7E352 /* DoubleItem.png in Resources */,
				BFCE10F92A692990004043FF /* TexturesCom_Marble_SlabWhite2_New_512_albedo.tif in Resources */,
				FD018C102A701AB000552F80 /* future.layout in Resources */,
				FD018C0D2A701AB000552F80 /* eagle.layout in Resources */,
				BF1DE8502A7B921D00B7E352 /* InfoValue.png in Resources */,
				BF1DE7D32A70FE3900B7E352 /* Localizable.strings in Resources */,
				FD018C0B2A701AB000552F80 /* galaxy.layout in Resources */,
				BF1DE8582A7B9F8E00B7E352 /* CountItem2.png in Resources */,
				FD8D3BD52A6C24A2001B4547 /* TexturesCom_Wood_TeakVeneer_512_roughness.tif in Resources */,
				FD8D3BD02A6B1A3D001B4547 /* help_blue.png in Resources */,
				BF5212AF2A6FB30300F72B5A /* check_icon16.png in Resources */,
				BFCE10A62A6916C6004043FF /* TexturesCom_Metal_SteelRough2_1K_ao.tif in Resources */,
				FD018C0A2A701AB000552F80 /* enterprise.layout in Resources */,
				BFD8A9DC2A69063A00F679CA /* MainMenu.xib in Resources */,
				BF1DE7D82A70FF5700B7E352 /* default.layout in Resources */,
				FD018C122A701C2C00552F80 /* dragon.layout in Resources */,
				BFCE10A82A6916C6004043FF /* TexturesCom_Metal_SteelRough2_1K_albedo.tif in Resources */,
				BF1DE8132A77916B00B7E352 /* OK.png in Resources */,
				FD8D3BCE2A6B19F8001B4547 /* mahjong_double.png in Resources */,
				FD018C002A70193F00552F80 /* glade.layout in Resources */,
				FD8D3BCD2A6B19F8001B4547 /* mahjong.png in Resources */,
				BFCE10AA2A6916C6004043FF /* TexturesCom_Metal_SteelRough2_1K_normal.tif in Resources */,
				BF1DE80F2A778D4E00B7E352 /* test4x4.layout in Resources */,
				BF1DE8422A78C4C300B7E352 /* YouWin2.png in Resources */,
				FD8D3BD62A6C24A2001B4547 /* TexturesCom_Wood_TeakVeneer_512_normal.tif in Resources */,
				FD8D3BD72A6C24A2001B4547 /* TexturesCom_Wood_TeakVeneer_512_albedo.tif in Resources */,
				BF1DE8402A78C2D400B7E352 /* Lose2.png in Resources */,
				FD018C0E2A701AB000552F80 /* explosion.layout in Resources */,
				FD018C022A70194400552F80 /* girl.layout in Resources */,
				BF5212AD2A6FB28E00F72B5A /* check_icon.png in Resources */,
				BF1DE84E2A7B921800B7E352 /* InfoBtn.png in Resources */,
				BF52129F2A6E6B1600F72B5A /* items.png in Resources */,
			);
			runOnlyForDeploymentPostprocessing = 0;
		};
/* End PBXResourcesBuildPhase section */

/* Begin PBXSourcesBuildPhase section */
		BFD8A9CF2A69063800F679CA /* Sources */ = {
			isa = PBXSourcesBuildPhase;
			buildActionMask = 2147483647;
			files = (
				BF1DE8072A739E0400B7E352 /* YouWinNode.swift in Sources */,
				BFCE10FF2A695980004043FF /* ItemType.swift in Sources */,
				BF5212B12A6FB40200F72B5A /* LevelItem.swift in Sources */,
				BF1DE7DF2A714B7400B7E352 /* GameInfoNode.swift in Sources */,
				BFCE10FB2A694CB4004043FF /* Pos.swift in Sources */,
				BF52129D2A6E4E4A00F72B5A /* MaterialUtils.swift in Sources */,
				BF5212A82A6F92A400F72B5A /* AboutView.swift in Sources */,
				BF1DE7DC2A71397000B7E352 /* YouLoseNode.swift in Sources */,
				BF5212A92A6F92A400F72B5A /* HelpView.swift in Sources */,
				BF1DE8522A7B92EF00B7E352 /* InfoValueNode.swift in Sources */,
				BF1DE85A2A7BA1D400B7E352 /* InfoButtonNode.swift in Sources */,
				BF1DE7E12A714C2400B7E352 /* ProgressNode.swift in Sources */,
				BFCE109E2A690B50004043FF /* ItemNone.swift in Sources */,
				BF5212C72A6FF56C00F72B5A /* LayoutLevels.swift in Sources */,
				BFD8A9E52A6906E700F679CA /* RootView.swift in Sources */,
				FD8D3BCA2A6B003A001B4547 /* OverlayScene.swift in Sources */,
				BFD8A9E82A69071D00F679CA /* ScenesView.swift in Sources */,
				BFD8A9D72A69063800F679CA /* AppDelegate.swift in Sources */,
				BF5212C12A6FD07A00F72B5A /* Storage.swift in Sources */,
			);
			runOnlyForDeploymentPostprocessing = 0;
		};
/* End PBXSourcesBuildPhase section */

/* Begin PBXVariantGroup section */
		BF1DE7D52A70FE3900B7E352 /* Localizable.strings */ = {
			isa = PBXVariantGroup;
			children = (
				BF1DE7D42A70FE3900B7E352 /* ru */,
				BF1DE7D62A70FE3E00B7E352 /* en */,
			);
			name = Localizable.strings;
			sourceTree = "<group>";
		};
		BFD8A9DA2A69063A00F679CA /* MainMenu.xib */ = {
			isa = PBXVariantGroup;
			children = (
				BFD8A9DB2A69063A00F679CA /* Base */,
				BF1DE7D22A70FE1200B7E352 /* ru */,
			);
			name = MainMenu.xib;
			sourceTree = "<group>";
		};
/* End PBXVariantGroup section */

/* Begin XCBuildConfiguration section */
		BFD8A9DE2A69063A00F679CA /* Debug */ = {
			isa = XCBuildConfiguration;
			buildSettings = {
				ALWAYS_SEARCH_USER_PATHS = NO;
				CLANG_ANALYZER_LOCALIZABILITY_NONLOCALIZED = YES;
				CLANG_ANALYZER_NONNULL = YES;
				CLANG_ANALYZER_NUMBER_OBJECT_CONVERSION = YES_AGGRESSIVE;
				CLANG_CXX_LANGUAGE_STANDARD = "gnu++20";
				CLANG_ENABLE_MODULES = YES;
				CLANG_ENABLE_OBJC_ARC = YES;
				CLANG_ENABLE_OBJC_WEAK = YES;
				CLANG_WARN_BLOCK_CAPTURE_AUTORELEASING = YES;
				CLANG_WARN_BOOL_CONVERSION = YES;
				CLANG_WARN_COMMA = YES;
				CLANG_WARN_CONSTANT_CONVERSION = YES;
				CLANG_WARN_DEPRECATED_OBJC_IMPLEMENTATIONS = YES;
				CLANG_WARN_DIRECT_OBJC_ISA_USAGE = YES_ERROR;
				CLANG_WARN_DOCUMENTATION_COMMENTS = YES;
				CLANG_WARN_EMPTY_BODY = YES;
				CLANG_WARN_ENUM_CONVERSION = YES;
				CLANG_WARN_INFINITE_RECURSION = YES;
				CLANG_WARN_INT_CONVERSION = YES;
				CLANG_WARN_NON_LITERAL_NULL_CONVERSION = YES;
				CLANG_WARN_OBJC_IMPLICIT_RETAIN_SELF = YES;
				CLANG_WARN_OBJC_LITERAL_CONVERSION = YES;
				CLANG_WARN_OBJC_ROOT_CLASS = YES_ERROR;
				CLANG_WARN_QUOTED_INCLUDE_IN_FRAMEWORK_HEADER = YES;
				CLANG_WARN_RANGE_LOOP_ANALYSIS = YES;
				CLANG_WARN_STRICT_PROTOTYPES = YES;
				CLANG_WARN_SUSPICIOUS_MOVE = YES;
				CLANG_WARN_UNGUARDED_AVAILABILITY = YES_AGGRESSIVE;
				CLANG_WARN_UNREACHABLE_CODE = YES;
				CLANG_WARN__DUPLICATE_METHOD_MATCH = YES;
				COPY_PHASE_STRIP = NO;
				DEBUG_INFORMATION_FORMAT = dwarf;
				ENABLE_STRICT_OBJC_MSGSEND = YES;
				ENABLE_TESTABILITY = YES;
				GCC_C_LANGUAGE_STANDARD = gnu11;
				GCC_DYNAMIC_NO_PIC = NO;
				GCC_NO_COMMON_BLOCKS = YES;
				GCC_OPTIMIZATION_LEVEL = 0;
				GCC_PREPROCESSOR_DEFINITIONS = (
					"DEBUG=1",
					"$(inherited)",
				);
				GCC_WARN_64_TO_32_BIT_CONVERSION = YES;
				GCC_WARN_ABOUT_RETURN_TYPE = YES_ERROR;
				GCC_WARN_UNDECLARED_SELECTOR = YES;
				GCC_WARN_UNINITIALIZED_AUTOS = YES_AGGRESSIVE;
				GCC_WARN_UNUSED_FUNCTION = YES;
				GCC_WARN_UNUSED_VARIABLE = YES;
				MACOSX_DEPLOYMENT_TARGET = 12.0;
				MTL_ENABLE_DEBUG_INFO = INCLUDE_SOURCE;
				MTL_FAST_MATH = YES;
				ONLY_ACTIVE_ARCH = YES;
				SDKROOT = macosx;
				SWIFT_ACTIVE_COMPILATION_CONDITIONS = DEBUG;
				SWIFT_OPTIMIZATION_LEVEL = "-Onone";
			};
			name = Debug;
		};
		BFD8A9DF2A69063A00F679CA /* Release */ = {
			isa = XCBuildConfiguration;
			buildSettings = {
				ALWAYS_SEARCH_USER_PATHS = NO;
				CLANG_ANALYZER_LOCALIZABILITY_NONLOCALIZED = YES;
				CLANG_ANALYZER_NONNULL = YES;
				CLANG_ANALYZER_NUMBER_OBJECT_CONVERSION = YES_AGGRESSIVE;
				CLANG_CXX_LANGUAGE_STANDARD = "gnu++20";
				CLANG_ENABLE_MODULES = YES;
				CLANG_ENABLE_OBJC_ARC = YES;
				CLANG_ENABLE_OBJC_WEAK = YES;
				CLANG_WARN_BLOCK_CAPTURE_AUTORELEASING = YES;
				CLANG_WARN_BOOL_CONVERSION = YES;
				CLANG_WARN_COMMA = YES;
				CLANG_WARN_CONSTANT_CONVERSION = YES;
				CLANG_WARN_DEPRECATED_OBJC_IMPLEMENTATIONS = YES;
				CLANG_WARN_DIRECT_OBJC_ISA_USAGE = YES_ERROR;
				CLANG_WARN_DOCUMENTATION_COMMENTS = YES;
				CLANG_WARN_EMPTY_BODY = YES;
				CLANG_WARN_ENUM_CONVERSION = YES;
				CLANG_WARN_INFINITE_RECURSION = YES;
				CLANG_WARN_INT_CONVERSION = YES;
				CLANG_WARN_NON_LITERAL_NULL_CONVERSION = YES;
				CLANG_WARN_OBJC_IMPLICIT_RETAIN_SELF = YES;
				CLANG_WARN_OBJC_LITERAL_CONVERSION = YES;
				CLANG_WARN_OBJC_ROOT_CLASS = YES_ERROR;
				CLANG_WARN_QUOTED_INCLUDE_IN_FRAMEWORK_HEADER = YES;
				CLANG_WARN_RANGE_LOOP_ANALYSIS = YES;
				CLANG_WARN_STRICT_PROTOTYPES = YES;
				CLANG_WARN_SUSPICIOUS_MOVE = YES;
				CLANG_WARN_UNGUARDED_AVAILABILITY = YES_AGGRESSIVE;
				CLANG_WARN_UNREACHABLE_CODE = YES;
				CLANG_WARN__DUPLICATE_METHOD_MATCH = YES;
				COPY_PHASE_STRIP = NO;
				DEBUG_INFORMATION_FORMAT = "dwarf-with-dsym";
				ENABLE_NS_ASSERTIONS = NO;
				ENABLE_STRICT_OBJC_MSGSEND = YES;
				GCC_C_LANGUAGE_STANDARD = gnu11;
				GCC_NO_COMMON_BLOCKS = YES;
				GCC_WARN_64_TO_32_BIT_CONVERSION = YES;
				GCC_WARN_ABOUT_RETURN_TYPE = YES_ERROR;
				GCC_WARN_UNDECLARED_SELECTOR = YES;
				GCC_WARN_UNINITIALIZED_AUTOS = YES_AGGRESSIVE;
				GCC_WARN_UNUSED_FUNCTION = YES;
				GCC_WARN_UNUSED_VARIABLE = YES;
				MACOSX_DEPLOYMENT_TARGET = 12.0;
				MTL_ENABLE_DEBUG_INFO = NO;
				MTL_FAST_MATH = YES;
				SDKROOT = macosx;
				SWIFT_COMPILATION_MODE = wholemodule;
				SWIFT_OPTIMIZATION_LEVEL = "-O";
			};
			name = Release;
		};
		BFD8A9E12A69063A00F679CA /* Debug */ = {
			isa = XCBuildConfiguration;
			buildSettings = {
				ASSETCATALOG_COMPILER_APPICON_NAME = AppIcon;
				ASSETCATALOG_COMPILER_GLOBAL_ACCENT_COLOR_NAME = AccentColor;
				CODE_SIGN_ENTITLEMENTS = "MacOS-Mahjong-1/MacOS_Mahjong_1.entitlements";
				"CODE_SIGN_IDENTITY[sdk=macosx*]" = "-";
				CODE_SIGN_STYLE = Automatic;
				COMBINE_HIDPI_IMAGES = YES;
				CURRENT_PROJECT_VERSION = 9;
				DEVELOPMENT_TEAM = UBMXWK5W6B;
				ENABLE_HARDENED_RUNTIME = YES;
				GENERATE_INFOPLIST_FILE = YES;
				INFOPLIST_KEY_LSApplicationCategoryType = "public.app-category.board-games";
				INFOPLIST_KEY_NSHumanReadableCopyright = "";
				INFOPLIST_KEY_NSMainNibFile = MainMenu;
				INFOPLIST_KEY_NSPrincipalClass = NSApplication;
				LD_RUNPATH_SEARCH_PATHS = (
					"$(inherited)",
					"@executable_path/../Frameworks",
				);
				MACOSX_DEPLOYMENT_TARGET = 12.0;
				MARKETING_VERSION = 1.0;
				PRODUCT_BUNDLE_IDENTIFIER = com.khimunin.Mahjong;
				PRODUCT_NAME = "$(TARGET_NAME)";
				SWIFT_EMIT_LOC_STRINGS = YES;
				SWIFT_VERSION = 5.0;
			};
			name = Debug;
		};
		BFD8A9E22A69063A00F679CA /* Release */ = {
			isa = XCBuildConfiguration;
			buildSettings = {
				ASSETCATALOG_COMPILER_APPICON_NAME = AppIcon;
				ASSETCATALOG_COMPILER_GLOBAL_ACCENT_COLOR_NAME = AccentColor;
				CODE_SIGN_ENTITLEMENTS = "MacOS-Mahjong-1/MacOS_Mahjong_1.entitlements";
				"CODE_SIGN_IDENTITY[sdk=macosx*]" = "-";
				CODE_SIGN_STYLE = Automatic;
				COMBINE_HIDPI_IMAGES = YES;
				CURRENT_PROJECT_VERSION = 9;
				DEVELOPMENT_TEAM = UBMXWK5W6B;
				ENABLE_HARDENED_RUNTIME = YES;
				GENERATE_INFOPLIST_FILE = YES;
				INFOPLIST_KEY_LSApplicationCategoryType = "public.app-category.board-games";
				INFOPLIST_KEY_NSHumanReadableCopyright = "";
				INFOPLIST_KEY_NSMainNibFile = MainMenu;
				INFOPLIST_KEY_NSPrincipalClass = NSApplication;
				LD_RUNPATH_SEARCH_PATHS = (
					"$(inherited)",
					"@executable_path/../Frameworks",
				);
				MACOSX_DEPLOYMENT_TARGET = 12.0;
				MARKETING_VERSION = 1.0;
				PRODUCT_BUNDLE_IDENTIFIER = com.khimunin.Mahjong;
				PRODUCT_NAME = "$(TARGET_NAME)";
				SWIFT_EMIT_LOC_STRINGS = YES;
				SWIFT_VERSION = 5.0;
			};
			name = Release;
		};
/* End XCBuildConfiguration section */

/* Begin XCConfigurationList section */
		BFD8A9CE2A69063800F679CA /* Build configuration list for PBXProject "MacOS-Mahjong-1" */ = {
			isa = XCConfigurationList;
			buildConfigurations = (
				BFD8A9DE2A69063A00F679CA /* Debug */,
				BFD8A9DF2A69063A00F679CA /* Release */,
			);
			defaultConfigurationIsVisible = 0;
			defaultConfigurationName = Release;
		};
		BFD8A9E02A69063A00F679CA /* Build configuration list for PBXNativeTarget "Mahjong" */ = {
			isa = XCConfigurationList;
			buildConfigurations = (
				BFD8A9E12A69063A00F679CA /* Debug */,
				BFD8A9E22A69063A00F679CA /* Release */,
			);
			defaultConfigurationIsVisible = 0;
			defaultConfigurationName = Release;
		};
/* End XCConfigurationList section */
	};
	rootObject = BFD8A9CB2A69063800F679CA /* Project object */;
}
